
Microsoft Visual Studio Solution File, Format Version 12.00
# Visual Studio Version 17
VisualStudioVersion = 17.0.32014.148
MinimumVisualStudioVersion = 10.0.40219.1
Project("{9A19103F-16F7-4668-BE54-9A1E7A4F7556}") = "FoxIDs", "src\FoxIDs\FoxIDs.csproj", "{82C6C190-C560-4A25-94C4-BF8233D5043C}"
EndProject
Project("{2150E333-8FDC-42A3-9474-1A3956D46DE8}") = "Solution Items", "Solution Items", "{E3CC6B59-BC6D-42C2-8613-C0FC896E31AE}"
	ProjectSection(SolutionItems) = preProject
		.editorconfig = .editorconfig
		LICENSE = LICENSE
		README.md = README.md
	EndProjectSection
	ProjectSection(FolderGlobals) = preProject
		C_5_4src_4external_4GitHub_4FoxIDs_4azuredeploy_1json__JsonSchema = https://raw.githubusercontent.com/stryker-mutator/stryker/master/packages/api/schema/stryker-core.json
	EndProjectSection
EndProject
Project("{2150E333-8FDC-42A3-9474-1A3956D46DE8}") = "src", "src", "{48D65B3F-F81D-4A30-AD0E-855D0ADC29E1}"
EndProject
Project("{2150E333-8FDC-42A3-9474-1A3956D46DE8}") = "test", "test", "{ADF3A7A1-55CD-466B-9CE2-76B159582B17}"
EndProject
Project("{9A19103F-16F7-4668-BE54-9A1E7A4F7556}") = "FoxIDs.Control", "src\FoxIDs.Control\FoxIDs.Control.csproj", "{4A4B168C-8850-4D9E-A749-3CE34179B986}"
EndProject
Project("{9A19103F-16F7-4668-BE54-9A1E7A4F7556}") = "FoxIDs.Shared", "src\FoxIDs.Shared\FoxIDs.Shared.csproj", "{4E5D61BC-6FCA-491E-867F-A803771F06B4}"
EndProject
Project("{9A19103F-16F7-4668-BE54-9A1E7A4F7556}") = "FoxIDs.UnitTests", "test\FoxIDs.UnitTests\FoxIDs.UnitTests.csproj", "{89976246-3E49-4492-A9EF-978BF8E0535C}"
EndProject
Project("{2150E333-8FDC-42A3-9474-1A3956D46DE8}") = "tools", "tools", "{66AA1AF7-CBCC-46AA-ACAB-9E1B7A8532EF}"
EndProject
Project("{9A19103F-16F7-4668-BE54-9A1E7A4F7556}") = "FoxIDs.SeedTool", "tools\FoxIDs.SeedTool\FoxIDs.SeedTool.csproj", "{E75B36E6-AD0E-42D7-A055-FE5816DF73B3}"
EndProject
Project("{9A19103F-16F7-4668-BE54-9A1E7A4F7556}") = "FoxIDs.ControlClient", "src\FoxIDs.ControlClient\FoxIDs.ControlClient.csproj", "{841451D6-66A5-4E7A-8952-BFF9A9375B6B}"
EndProject
Project("{9A19103F-16F7-4668-BE54-9A1E7A4F7556}") = "FoxIDs.ControlShared", "src\FoxIDs.ControlShared\FoxIDs.ControlShared.csproj", "{56C8921F-64BA-4AD0-A2EA-BAE0A183269F}"
EndProject
Project("{9A19103F-16F7-4668-BE54-9A1E7A4F7556}") = "FoxIDs.SharedBase", "src\FoxIDs.SharedBase\FoxIDs.SharedBase.csproj", "{11FB6E8F-F726-4AAA-95E1-82C360A9AF4E}"
EndProject
Project("{2150E333-8FDC-42A3-9474-1A3956D46DE8}") = "docs", "docs", "{CB5D86A0-DD55-49F6-B7AF-8162E9DA4CAF}"
	ProjectSection(SolutionItems) = preProject
		docs\app-reg-howto-saml-2.0-adfs.md = docs\app-reg-howto-saml-2.0-adfs.md
		docs\app-reg-oauth-2.0.md = docs\app-reg-oauth-2.0.md
		docs\app-reg-oidc.md = docs\app-reg-oidc.md
		docs\app-reg-saml-2.0.md = docs\app-reg-saml-2.0.md
		docs\auth-method-howto-oidc-azure-ad-b2c.md = docs\auth-method-howto-oidc-azure-ad-b2c.md
		docs\auth-method-howto-oidc-azure-ad.md = docs\auth-method-howto-oidc-azure-ad.md
		docs\auth-method-howto-oidc-facebook.md = docs\auth-method-howto-oidc-facebook.md
		docs\auth-method-howto-oidc-google.md = docs\auth-method-howto-oidc-google.md
		docs\auth-method-howto-oidc-identityserver.md = docs\auth-method-howto-oidc-identityserver.md
		docs\auth-method-howto-oidc-nets-eid-broker.md = docs\auth-method-howto-oidc-nets-eid-broker.md
		docs\auth-method-howto-oidc-signicat.md = docs\auth-method-howto-oidc-signicat.md
		docs\auth-method-howto-saml-2.0-adfs.md = docs\auth-method-howto-saml-2.0-adfs.md
		docs\auth-method-howto-saml-2.0-nemlogin.md = docs\auth-method-howto-saml-2.0-nemlogin.md
		docs\auth-method-howto-saml-2.0-pingone.md = docs\auth-method-howto-saml-2.0-pingone.md
		docs\auth-method-oidc.md = docs\auth-method-oidc.md
		docs\auth-method-saml-2.0.md = docs\auth-method-saml-2.0.md
		docs\bridge.md = docs\bridge.md
		docs\certificates.md = docs\certificates.md
		docs\claim-transform-dk-privilege.md = docs\claim-transform-dk-privilege.md
		docs\claim-transform.md = docs\claim-transform.md
		docs\claim.md = docs\claim.md
		docs\connections.md = docs\connections.md
		docs\control.md = docs\control.md
		docs\custom-domain.md = docs\custom-domain.md
		docs\customization.md = docs\customization.md
		docs\deployment-azure.md = docs\deployment-azure.md
		docs\deployment-docker.md = docs\deployment-docker.md
		docs\deployment-k8s.md = docs\deployment-k8s.md
		docs\deployment.md = docs\deployment.md
		docs\development.md = docs\development.md
		docs\email.md = docs\email.md
		docs\external-login.md = docs\external-login.md
		docs\faq.md = docs\faq.md
		docs\foxids-dev.md = docs\foxids-dev.md
		docs\foxids-inside.md = docs\foxids-inside.md
		docs\get-started.md = docs\get-started.md
		docs\gs-context-handler.md = docs\gs-context-handler.md
		docs\gs-nemlogin.md = docs\gs-nemlogin.md
		docs\howto-connect.md = docs\howto-connect.md
		docs\howto-environmentlink-foxids.md = docs\howto-environmentlink-foxids.md
		docs\howto-oidc-foxids.md = docs\howto-oidc-foxids.md
		docs\howto-saml-2.0-context-handler.md = docs\howto-saml-2.0-context-handler.md
		docs\index.md = docs\index.md
		docs\language.md = docs\language.md
		docs\logging.md = docs\logging.md
		docs\login.md = docs\login.md
		docs\monitoring.md = docs\monitoring.md
		docs\name-title-icon-css.md = docs\name-title-icon-css.md
		docs\oauth-2.0.md = docs\oauth-2.0.md
		docs\oidc.md = docs\oidc.md
		docs\plan.md = docs\plan.md
		docs\README.md = docs\README.md
		docs\reverse-proxy.md = docs\reverse-proxy.md
		docs\risk-passwords.md = docs\risk-passwords.md
		docs\saml-2.0.md = docs\saml-2.0.md
		docs\samples.md = docs\samples.md
		docs\standard-support.md = docs\standard-support.md
		docs\token-exchange.md = docs\token-exchange.md
		docs\users.md = docs\users.md
		docs\_sidebar.md = docs\_sidebar.md
	EndProjectSection
EndProject
Project("{2150E333-8FDC-42A3-9474-1A3956D46DE8}") = "images", "images", "{CB88126F-3F28-4511-93E1-2454E239E9C7}"
	ProjectSection(SolutionItems) = preProject
		docs\images\bridge.vsdx = docs\images\bridge.vsdx
		docs\images\configuration.svg = docs\images\configuration.svg
		docs\images\configuration.vsdx = docs\images\configuration.vsdx
		docs\images\configure-authorization-code-flow-pkce.png = docs\images\configure-authorization-code-flow-pkce.png
		docs\images\configure-authorization-code-flow.png = docs\images\configure-authorization-code-flow.png
		docs\images\configure-certificate.png = docs\images\configure-certificate.png
		docs\images\configure-claim-transform-app-reg.png = docs\images\configure-claim-transform-app-reg.png
		docs\images\configure-claim-transform-auth-method.png = docs\images\configure-claim-transform-auth-method.png
		docs\images\configure-client-api-client.png = docs\images\configure-client-api-client.png
		docs\images\configure-client-api-resource.png = docs\images\configure-client-api-resource.png
		docs\images\configure-client-credentials-grant.png = docs\images\configure-client-credentials-grant.png
		docs\images\configure-connections.png = docs\images\configure-connections.png
		docs\images\configure-default-scope-claims.png = docs\images\configure-default-scope-claims.png
		docs\images\configure-email-provider-environment-sendgrid.png = docs\images\configure-email-provider-environment-sendgrid.png
		docs\images\configure-email-provider-environment-smtp.png = docs\images\configure-email-provider-environment-smtp.png
		docs\images\configure-environment-setting.png = docs\images\configure-environment-setting.png
		docs\images\configure-environment.png = docs\images\configure-environment.png
		docs\images\configure-external-login-config.png = docs\images\configure-external-login-config.png
		docs\images\configure-external-login-ui.png = docs\images\configure-external-login-ui.png
		docs\images\configure-foxids_control_api.png = docs\images\configure-foxids_control_api.png
		docs\images\configure-implicit-code-flow.png = docs\images\configure-implicit-code-flow.png
		docs\images\configure-jwt-saml-mappings.png = docs\images\configure-jwt-saml-mappings.png
		docs\images\configure-log-stream-appinsight.png = docs\images\configure-log-stream-appinsight.png
		docs\images\configure-log.png = docs\images\configure-log.png
		docs\images\configure-login-advanced.png = docs\images\configure-login-advanced.png
		docs\images\configure-login-css-backbround-image.png = docs\images\configure-login-css-backbround-image.png
		docs\images\configure-login-css-backbround-logo.png = docs\images\configure-login-css-backbround-logo.png
		docs\images\configure-login-css-sample-test.png = docs\images\configure-login-css-sample-test.png
		docs\images\configure-login-hrd-example.png = docs\images\configure-login-hrd-example.png
		docs\images\configure-login-hrd.png = docs\images\configure-login-hrd.png
		docs\images\configure-login-title-icon-css.png = docs\images\configure-login-title-icon-css.png
		docs\images\configure-login.png = docs\images\configure-login.png
		docs\images\configure-oauth-resource.png = docs\images\configure-oauth-resource.png
		docs\images\configure-oidc-auth-method.png = docs\images\configure-oidc-auth-method.png
		docs\images\configure-oidc-lifetime.png = docs\images\configure-oidc-lifetime.png
		docs\images\configure-plan-tenant.png = docs\images\configure-plan-tenant.png
		docs\images\configure-plan.png = docs\images\configure-plan.png
		docs\images\configure-resource-scopes-client.png = docs\images\configure-resource-scopes-client.png
		docs\images\configure-resource-scopes-resource.png = docs\images\configure-resource-scopes-resource.png
		docs\images\configure-reverse-proxy-secret-firewall.png = docs\images\configure-reverse-proxy-secret-firewall.png
		docs\images\configure-reverse-proxy-secret-permissions.png = docs\images\configure-reverse-proxy-secret-permissions.png
		docs\images\configure-reverse-proxy-secret.png = docs\images\configure-reverse-proxy-secret.png
		docs\images\configure-saml-adfs-auth-method.png = docs\images\configure-saml-adfs-auth-method.png
		docs\images\configure-saml-app-reg.png = docs\images\configure-saml-app-reg.png
		docs\images\configure-saml-auth-method.png = docs\images\configure-saml-auth-method.png
		docs\images\configure-saml-manual-auth-method.png = docs\images\configure-saml-manual-auth-method.png
		docs\images\configure-tenant-adminuser.png = docs\images\configure-tenant-adminuser.png
		docs\images\configure-tenant-custom-domain-my-environment.png = docs\images\configure-tenant-custom-domain-my-environment.png
		docs\images\configure-tenant-text.png = docs\images\configure-tenant-text.png
		docs\images\configure-tenant.png = docs\images\configure-tenant.png
		docs\images\connections-app-reg-oauth.svg = docs\images\connections-app-reg-oauth.svg
		docs\images\connections-app-reg-oidc.svg = docs\images\connections-app-reg-oidc.svg
		docs\images\connections-app-reg-saml.svg = docs\images\connections-app-reg-saml.svg
		docs\images\connections-auth-method-oidc.svg = docs\images\connections-auth-method-oidc.svg
		docs\images\connections-auth-method-saml.svg = docs\images\connections-auth-method-saml.svg
		docs\images\connections-login.svg = docs\images\connections-login.svg
		docs\images\connections-oauth.svg = docs\images\connections-oauth.svg
		docs\images\connections-oidc.svg = docs\images\connections-oidc.svg
		docs\images\connections-saml.svg = docs\images\connections-saml.svg
		docs\images\connections.vsdx = docs\images\connections.vsdx
		docs\images\environments.vsdx = docs\images\environments.vsdx
		docs\images\example-claim-transform-name-to-given_name-family_name.png = docs\images\example-claim-transform-name-to-given_name-family_name.png
		docs\images\example-claim-transform-remove-post-auth-method-name.png = docs\images\example-claim-transform-remove-post-auth-method-name.png
		docs\images\faq-pass-through-all-claims-app-reg.png = docs\images\faq-pass-through-all-claims-app-reg.png
		docs\images\faq-pass-through-all-claims-auth-method.png = docs\images\faq-pass-through-all-claims-auth-method.png
		docs\images\get-started-first-access.png = docs\images\get-started-first-access.png
		docs\images\get-started-login.png = docs\images\get-started-login.png
		docs\images\get-started-new-app-reg-conf.png = docs\images\get-started-new-app-reg-conf.png
		docs\images\get-started-new-app-reg-done.png = docs\images\get-started-new-app-reg-done.png
		docs\images\get-started-new-app-reg.png = docs\images\get-started-new-app-reg.png
		docs\images\get-started-test-user.png = docs\images\get-started-test-user.png
		docs\images\how-to-connect.svg = docs\images\how-to-connect.svg
		docs\images\how-to-context-handler-environment-link.svg = docs\images\how-to-context-handler-environment-link.svg
		docs\images\how-to-context-handler-foxids-idp.png = docs\images\how-to-context-handler-foxids-idp.png
		docs\images\how-to-context-handler-rp.svg = docs\images\how-to-context-handler-rp.svg
		docs\images\how-to-context-handler.svg = docs\images\how-to-context-handler.svg
		docs\images\how-to-environment-link.svg = docs\images\how-to-environment-link.svg
		docs\images\how-to.vsdx = docs\images\how-to.vsdx
		docs\images\howto-environmentlink-foxids-auth-method-select.png = docs\images\howto-environmentlink-foxids-auth-method-select.png
		docs\images\howto-environmentlink-foxids-auth-method-y-select.png = docs\images\howto-environmentlink-foxids-auth-method-y-select.png
		docs\images\howto-oidc-azuread-readredirect.png = docs\images\howto-oidc-azuread-readredirect.png
		docs\images\howto-oidc-facebook-app-details.png = docs\images\howto-oidc-facebook-app-details.png
		docs\images\howto-oidc-facebook-config.png = docs\images\howto-oidc-facebook-config.png
		docs\images\howto-oidc-facebook-email.png = docs\images\howto-oidc-facebook-email.png
		docs\images\howto-oidc-facebook-readredirect.png = docs\images\howto-oidc-facebook-readredirect.png
		docs\images\howto-oidc-facebook-redirect-url.png = docs\images\howto-oidc-facebook-redirect-url.png
		docs\images\howto-oidc-facebook-select-login.png = docs\images\howto-oidc-facebook-select-login.png
		docs\images\howto-oidc-foxids-auth-method-readredirect.png = docs\images\howto-oidc-foxids-auth-method-readredirect.png
		docs\images\howto-oidc-foxids-auth-method.png = docs\images\howto-oidc-foxids-auth-method.png
		docs\images\howto-oidc-foxids-parallel-app-reg.png = docs\images\howto-oidc-foxids-parallel-app-reg.png
		docs\images\howto-oidc-google-appclient.png = docs\images\howto-oidc-google-appclient.png
		docs\images\howto-oidc-google-config.png = docs\images\howto-oidc-google-config.png
		docs\images\howto-oidc-google-readredirect.png = docs\images\howto-oidc-google-readredirect.png
		docs\images\howto-oidc-google-scopes.png = docs\images\howto-oidc-google-scopes.png
		docs\images\howto-oidc-google-usertype.png = docs\images\howto-oidc-google-usertype.png
		docs\images\howto-oidc-identityserver-readredirect.png = docs\images\howto-oidc-identityserver-readredirect.png
		docs\images\howto-saml-claim-mappings.png = docs\images\howto-saml-claim-mappings.png
		docs\images\howto-saml-context-handler-app-base-config-reg.png = docs\images\howto-saml-context-handler-app-base-config-reg.png
		docs\images\howto-saml-context-handler-app-base-config.png = docs\images\howto-saml-context-handler-app-base-config.png
		docs\images\howto-saml-context-handler-app-ct1.png = docs\images\howto-saml-context-handler-app-ct1.png
		docs\images\howto-saml-context-handler-app-ct2.png = docs\images\howto-saml-context-handler-app-ct2.png
		docs\images\howto-saml-context-handler-auth-attributes.png = docs\images\howto-saml-context-handler-auth-attributes.png
		docs\images\howto-saml-context-handler-auth-nameidformat.png = docs\images\howto-saml-context-handler-auth-nameidformat.png
		docs\images\howto-saml-context-handler-auth-read-metadata.png = docs\images\howto-saml-context-handler-auth-read-metadata.png
		docs\images\howto-saml-context-handler-certificate.png = docs\images\howto-saml-context-handler-certificate.png
		docs\images\howto-saml-context-handler-new-environment.png = docs\images\howto-saml-context-handler-new-environment.png
		docs\images\howto-saml-context-handler-test-user1.png = docs\images\howto-saml-context-handler-test-user1.png
		docs\images\howto-saml-nemlogin3-auth-attributes.png = docs\images\howto-saml-nemlogin3-auth-attributes.png
		docs\images\howto-saml-nemlogin3-auth-claims.png = docs\images\howto-saml-nemlogin3-auth-claims.png
		docs\images\howto-saml-nemlogin3-auth-contact.png = docs\images\howto-saml-nemlogin3-auth-contact.png
		docs\images\howto-saml-nemlogin3-auth-nameidformat.png = docs\images\howto-saml-nemlogin3-auth-nameidformat.png
		docs\images\howto-saml-nemlogin3-auth-read-metadata.png = docs\images\howto-saml-nemlogin3-auth-read-metadata.png
		docs\images\howto-saml-nemlogin3-auth-req-ext.png = docs\images\howto-saml-nemlogin3-auth-req-ext.png
		docs\images\howto-saml-nemlogin3-auth-top.png = docs\images\howto-saml-nemlogin3-auth-top.png
		docs\images\howto-saml-nemlogin3-certificate-container-type.png = docs\images\howto-saml-nemlogin3-certificate-container-type.png
		docs\images\howto-saml-nemlogin3-certificate.png = docs\images\howto-saml-nemlogin3-certificate.png
		docs\images\howto-saml-nemlogin3-claim-mappings.png = docs\images\howto-saml-nemlogin3-claim-mappings.png
		docs\images\howto-saml-nemlogin3-id-type.png = docs\images\howto-saml-nemlogin3-id-type.png
		docs\images\howto-saml-nemlogin3-log.png = docs\images\howto-saml-nemlogin3-log.png
		docs\images\howto-saml-nemlogin3-nsis-level.png = docs\images\howto-saml-nemlogin3-nsis-level.png
		docs\images\howto-saml-privilege-claim-tf.png = docs\images\howto-saml-privilege-claim-tf.png
		docs\images\language-danish.png = docs\images\language-danish.png
		docs\images\language-french.png = docs\images\language-french.png
		docs\images\language-german.png = docs\images\language-german.png
		docs\images\language-spanish.png = docs\images\language-spanish.png
		docs\images\main-tenant.png = docs\images\main-tenant.png
		docs\images\master-tenant2.png = docs\images\master-tenant2.png
		docs\images\sample_seed-client.png = docs\images\sample_seed-client.png
		docs\images\search-logs.png = docs\images\search-logs.png
		docs\images\search-usage-logs.png = docs\images\search-usage-logs.png
		docs\images\structure.png = docs\images\structure.png
		docs\images\structure.svg = docs\images\structure.svg
		docs\images\structure.vsdx = docs\images\structure.vsdx
		docs\images\token-exchange-access-token-by-trust.svg = docs\images\token-exchange-access-token-by-trust.svg
		docs\images\token-exchange-access-token-in-api.svg = docs\images\token-exchange-access-token-in-api.svg
		docs\images\token-exchange-access-token-in-web-app.svg = docs\images\token-exchange-access-token-in-web-app.svg
		docs\images\token-exchange-config-app-reg.png = docs\images\token-exchange-config-app-reg.png
		docs\images\token-exchange-config-auth-method.png = docs\images\token-exchange-config-auth-method.png
		docs\images\token-exchange-oauth-by-trust-app-reg-client.png = docs\images\token-exchange-oauth-by-trust-app-reg-client.png
		docs\images\token-exchange-oauth-by-trust-auth-method.png = docs\images\token-exchange-oauth-by-trust-auth-method.png
		docs\images\token-exchange-oauth-same-environment-app-reg.png = docs\images\token-exchange-oauth-same-environment-app-reg.png
		docs\images\token-exchange-oidc-same-environment-app-reg.png = docs\images\token-exchange-oidc-same-environment-app-reg.png
		docs\images\token-exchange-saml-by-trust-app-reg-client.png = docs\images\token-exchange-saml-by-trust-app-reg-client.png
		docs\images\token-exchange-saml-by-trust-auth-method.png = docs\images\token-exchange-saml-by-trust-auth-method.png
		docs\images\token-exchange-saml-by-trust.svg = docs\images\token-exchange-saml-by-trust.svg
		docs\images\token-exchange.vsdx = docs\images\token-exchange.vsdx
		docs\images\upload-risk-passwords-seed-client.png = docs\images\upload-risk-passwords-seed-client.png
		docs\images\user-create-new-account-config.png = docs\images\user-create-new-account-config.png
		docs\images\user-create-new-account.png = docs\images\user-create-new-account.png
		docs\images\user-external-create-new-account-config.png = docs\images\user-external-create-new-account-config.png
		docs\images\user-external-create-new-account.png = docs\images\user-external-create-new-account.png
		docs\images\user-login.png = docs\images\user-login.png
	EndProjectSection
EndProject
Project("{9A19103F-16F7-4668-BE54-9A1E7A4F7556}") = "FoxIDs.ConvertCertificateTool", "tools\FoxIDs.ConvertCertificateTool\FoxIDs.ConvertCertificateTool.csproj", "{AF16CC91-2EEA-4790-8672-9ACCA430991D}"
EndProject
Project("{9A19103F-16F7-4668-BE54-9A1E7A4F7556}") = "FoxIDs.ResourceTranslateTool", "src\FoxIDs.ResourceTranslateTool\FoxIDs.ResourceTranslateTool.csproj", "{B63EC694-505A-4730-92B7-6827B8E61A6E}"
EndProject
Project("{2150E333-8FDC-42A3-9474-1A3956D46DE8}") = "Docker", "Docker", "{93A3AFF1-8A33-4CA6-8F25-EECD477D73D1}"
	ProjectSection(SolutionItems) = preProject
		Docker\docker-compose-image.yaml = Docker\docker-compose-image.yaml
		Docker\docker-compose-project.yaml = Docker\docker-compose-project.yaml
		Docker\docker-compose.development-http.yaml = Docker\docker-compose.development-http.yaml
		Docker\docker-compose.development-https.yaml = Docker\docker-compose.development-https.yaml
		Docker\README-FoxIDs-Control-image.md = Docker\README-FoxIDs-Control-image.md
		Docker\README-FoxIDs-image.md = Docker\README-FoxIDs-image.md
	EndProjectSection
EndProject
Project("{2150E333-8FDC-42A3-9474-1A3956D46DE8}") = "Azure", "Azure", "{376A9D7A-D64B-4526-8EFC-D21A3B77612B}"
	ProjectSection(SolutionItems) = preProject
		azuredeploy.json = azuredeploy.json
	EndProjectSection
EndProject
Project("{2150E333-8FDC-42A3-9474-1A3956D46DE8}") = "Actions", "Actions", "{B5E754CB-5FEF-4D2E-9FEF-DBE31827528D}"
	ProjectSection(SolutionItems) = preProject
		.github\workflows\ci_main_docker.yaml = .github\workflows\ci_main_docker.yaml
		.github\workflows\ci_test_docker.yaml = .github\workflows\ci_test_docker.yaml
	EndProjectSection
EndProject
Project("{2150E333-8FDC-42A3-9474-1A3956D46DE8}") = "Kubernetes", "Kubernetes", "{7A25628F-DC8E-4DFD-82E1-5DE1A7F2653D}"
	ProjectSection(SolutionItems) = preProject
		Kubernetes\k8s-foxids-deployment.yaml = Kubernetes\k8s-foxids-deployment.yaml
		Kubernetes\k8s-foxids-ingress-deployment.yaml = Kubernetes\k8s-foxids-ingress-deployment.yaml
		Kubernetes\k8s-letsencrypt-issuer.yaml = Kubernetes\k8s-letsencrypt-issuer.yaml
		Kubernetes\k8s-mongo-configmap.yaml = Kubernetes\k8s-mongo-configmap.yaml
		Kubernetes\k8s-mongo-deployment.yaml = Kubernetes\k8s-mongo-deployment.yaml
		Kubernetes\k8s-mongo-pv-dockerdesktop.yaml = Kubernetes\k8s-mongo-pv-dockerdesktop.yaml
		Kubernetes\k8s-mongo-pvc-dockerdesktop.yaml = Kubernetes\k8s-mongo-pvc-dockerdesktop.yaml
		Kubernetes\k8s-mongo-pvc-dynamic.yaml = Kubernetes\k8s-mongo-pvc-dynamic.yaml
		Kubernetes\k8s-mongo-secret.yaml = Kubernetes\k8s-mongo-secret.yaml
		Kubernetes\k8s-redis-configmap.yaml = Kubernetes\k8s-redis-configmap.yaml
		Kubernetes\k8s-redis-deployment.yaml = Kubernetes\k8s-redis-deployment.yaml
		Kubernetes\k8s-redis-pv-dockerdesktop.yaml = Kubernetes\k8s-redis-pv-dockerdesktop.yaml
		Kubernetes\k8s-redis-pvc-dockerdesktop.yaml = Kubernetes\k8s-redis-pvc-dockerdesktop.yaml
		Kubernetes\k8s-redis-pvc-dynamic.yaml = Kubernetes\k8s-redis-pvc-dynamic.yaml
	EndProjectSection
EndProject
Global
	GlobalSection(SolutionConfigurationPlatforms) = preSolution
		Debug|Any CPU = Debug|Any CPU
		Release|Any CPU = Release|Any CPU
	EndGlobalSection
	GlobalSection(ProjectConfigurationPlatforms) = postSolution
		{82C6C190-C560-4A25-94C4-BF8233D5043C}.Debug|Any CPU.ActiveCfg = Debug|Any CPU
		{82C6C190-C560-4A25-94C4-BF8233D5043C}.Debug|Any CPU.Build.0 = Debug|Any CPU
		{82C6C190-C560-4A25-94C4-BF8233D5043C}.Release|Any CPU.ActiveCfg = Release|Any CPU
		{82C6C190-C560-4A25-94C4-BF8233D5043C}.Release|Any CPU.Build.0 = Release|Any CPU
		{4A4B168C-8850-4D9E-A749-3CE34179B986}.Debug|Any CPU.ActiveCfg = Debug|Any CPU
		{4A4B168C-8850-4D9E-A749-3CE34179B986}.Debug|Any CPU.Build.0 = Debug|Any CPU
		{4A4B168C-8850-4D9E-A749-3CE34179B986}.Release|Any CPU.ActiveCfg = Release|Any CPU
		{4A4B168C-8850-4D9E-A749-3CE34179B986}.Release|Any CPU.Build.0 = Release|Any CPU
		{4E5D61BC-6FCA-491E-867F-A803771F06B4}.Debug|Any CPU.ActiveCfg = Debug|Any CPU
		{4E5D61BC-6FCA-491E-867F-A803771F06B4}.Debug|Any CPU.Build.0 = Debug|Any CPU
		{4E5D61BC-6FCA-491E-867F-A803771F06B4}.Release|Any CPU.ActiveCfg = Release|Any CPU
		{4E5D61BC-6FCA-491E-867F-A803771F06B4}.Release|Any CPU.Build.0 = Release|Any CPU
		{89976246-3E49-4492-A9EF-978BF8E0535C}.Debug|Any CPU.ActiveCfg = Debug|Any CPU
		{89976246-3E49-4492-A9EF-978BF8E0535C}.Debug|Any CPU.Build.0 = Debug|Any CPU
		{89976246-3E49-4492-A9EF-978BF8E0535C}.Release|Any CPU.ActiveCfg = Release|Any CPU
		{89976246-3E49-4492-A9EF-978BF8E0535C}.Release|Any CPU.Build.0 = Release|Any CPU
		{E75B36E6-AD0E-42D7-A055-FE5816DF73B3}.Debug|Any CPU.ActiveCfg = Debug|Any CPU
		{E75B36E6-AD0E-42D7-A055-FE5816DF73B3}.Debug|Any CPU.Build.0 = Debug|Any CPU
		{E75B36E6-AD0E-42D7-A055-FE5816DF73B3}.Release|Any CPU.ActiveCfg = Release|Any CPU
		{E75B36E6-AD0E-42D7-A055-FE5816DF73B3}.Release|Any CPU.Build.0 = Release|Any CPU
		{841451D6-66A5-4E7A-8952-BFF9A9375B6B}.Debug|Any CPU.ActiveCfg = Debug|Any CPU
		{841451D6-66A5-4E7A-8952-BFF9A9375B6B}.Debug|Any CPU.Build.0 = Debug|Any CPU
		{841451D6-66A5-4E7A-8952-BFF9A9375B6B}.Release|Any CPU.ActiveCfg = Release|Any CPU
		{841451D6-66A5-4E7A-8952-BFF9A9375B6B}.Release|Any CPU.Build.0 = Release|Any CPU
		{56C8921F-64BA-4AD0-A2EA-BAE0A183269F}.Debug|Any CPU.ActiveCfg = Debug|Any CPU
		{56C8921F-64BA-4AD0-A2EA-BAE0A183269F}.Debug|Any CPU.Build.0 = Debug|Any CPU
		{56C8921F-64BA-4AD0-A2EA-BAE0A183269F}.Release|Any CPU.ActiveCfg = Release|Any CPU
		{56C8921F-64BA-4AD0-A2EA-BAE0A183269F}.Release|Any CPU.Build.0 = Release|Any CPU
		{11FB6E8F-F726-4AAA-95E1-82C360A9AF4E}.Debug|Any CPU.ActiveCfg = Debug|Any CPU
		{11FB6E8F-F726-4AAA-95E1-82C360A9AF4E}.Debug|Any CPU.Build.0 = Debug|Any CPU
		{11FB6E8F-F726-4AAA-95E1-82C360A9AF4E}.Release|Any CPU.ActiveCfg = Release|Any CPU
		{11FB6E8F-F726-4AAA-95E1-82C360A9AF4E}.Release|Any CPU.Build.0 = Release|Any CPU
		{AF16CC91-2EEA-4790-8672-9ACCA430991D}.Debug|Any CPU.ActiveCfg = Debug|Any CPU
		{AF16CC91-2EEA-4790-8672-9ACCA430991D}.Debug|Any CPU.Build.0 = Debug|Any CPU
		{AF16CC91-2EEA-4790-8672-9ACCA430991D}.Release|Any CPU.ActiveCfg = Release|Any CPU
		{AF16CC91-2EEA-4790-8672-9ACCA430991D}.Release|Any CPU.Build.0 = Release|Any CPU
		{B63EC694-505A-4730-92B7-6827B8E61A6E}.Debug|Any CPU.ActiveCfg = Debug|Any CPU
		{B63EC694-505A-4730-92B7-6827B8E61A6E}.Debug|Any CPU.Build.0 = Debug|Any CPU
		{B63EC694-505A-4730-92B7-6827B8E61A6E}.Release|Any CPU.ActiveCfg = Release|Any CPU
		{B63EC694-505A-4730-92B7-6827B8E61A6E}.Release|Any CPU.Build.0 = Release|Any CPU
	EndGlobalSection
	GlobalSection(SolutionProperties) = preSolution
		HideSolutionNode = FALSE
	EndGlobalSection
	GlobalSection(NestedProjects) = preSolution
		{82C6C190-C560-4A25-94C4-BF8233D5043C} = {48D65B3F-F81D-4A30-AD0E-855D0ADC29E1}
		{4A4B168C-8850-4D9E-A749-3CE34179B986} = {48D65B3F-F81D-4A30-AD0E-855D0ADC29E1}
		{4E5D61BC-6FCA-491E-867F-A803771F06B4} = {48D65B3F-F81D-4A30-AD0E-855D0ADC29E1}
		{89976246-3E49-4492-A9EF-978BF8E0535C} = {ADF3A7A1-55CD-466B-9CE2-76B159582B17}
		{E75B36E6-AD0E-42D7-A055-FE5816DF73B3} = {66AA1AF7-CBCC-46AA-ACAB-9E1B7A8532EF}
		{841451D6-66A5-4E7A-8952-BFF9A9375B6B} = {48D65B3F-F81D-4A30-AD0E-855D0ADC29E1}
		{56C8921F-64BA-4AD0-A2EA-BAE0A183269F} = {48D65B3F-F81D-4A30-AD0E-855D0ADC29E1}
		{11FB6E8F-F726-4AAA-95E1-82C360A9AF4E} = {48D65B3F-F81D-4A30-AD0E-855D0ADC29E1}
		{CB88126F-3F28-4511-93E1-2454E239E9C7} = {CB5D86A0-DD55-49F6-B7AF-8162E9DA4CAF}
		{AF16CC91-2EEA-4790-8672-9ACCA430991D} = {66AA1AF7-CBCC-46AA-ACAB-9E1B7A8532EF}
		{B63EC694-505A-4730-92B7-6827B8E61A6E} = {66AA1AF7-CBCC-46AA-ACAB-9E1B7A8532EF}
		{93A3AFF1-8A33-4CA6-8F25-EECD477D73D1} = {E3CC6B59-BC6D-42C2-8613-C0FC896E31AE}
		{376A9D7A-D64B-4526-8EFC-D21A3B77612B} = {E3CC6B59-BC6D-42C2-8613-C0FC896E31AE}
		{B5E754CB-5FEF-4D2E-9FEF-DBE31827528D} = {E3CC6B59-BC6D-42C2-8613-C0FC896E31AE}
		{7A25628F-DC8E-4DFD-82E1-5DE1A7F2653D} = {E3CC6B59-BC6D-42C2-8613-C0FC896E31AE}
	EndGlobalSection
	GlobalSection(ExtensibilityGlobals) = postSolution
		SolutionGuid = {AD8F0D8F-FD1F-4DE2-AC92-4948FC1EDE56}
	EndGlobalSection
EndGlobal
