
Microsoft Visual Studio Solution File, Format Version 12.00
# Visual Studio Version 17
VisualStudioVersion = 17.0.32014.148
MinimumVisualStudioVersion = 10.0.40219.1
Project("{9A19103F-16F7-4668-BE54-9A1E7A4F7556}") = "FoxIDs", "src\FoxIDs\FoxIDs.csproj", "{82C6C190-C560-4A25-94C4-BF8233D5043C}"
EndProject
Project("{2150E333-8FDC-42A3-9474-1A3956D46DE8}") = "Solution Items", "Solution Items", "{E3CC6B59-BC6D-42C2-8613-C0FC896E31AE}"
	ProjectSection(SolutionItems) = preProject
		azuredeploy.json = azuredeploy.json
		LICENSE = LICENSE
		README.md = README.md
	EndProjectSection
	ProjectSection(FolderGlobals) = preProject
		C_5_4src_4external_4GitHub_4FoxIDs_4azuredeploy_1json__JsonSchema = https://raw.githubusercontent.com/stryker-mutator/stryker/master/packages/api/schema/stryker-core.json
	EndProjectSection
EndProject
Project("{2150E333-8FDC-42A3-9474-1A3956D46DE8}") = "src", "src", "{48D65B3F-F81D-4A30-AD0E-855D0ADC29E1}"
EndProject
Project("{2150E333-8FDC-42A3-9474-1A3956D46DE8}") = "test", "test", "{ADF3A7A1-55CD-466B-9CE2-76B159582B17}"
EndProject
Project("{9A19103F-16F7-4668-BE54-9A1E7A4F7556}") = "FoxIDs.Control", "src\FoxIDs.Control\FoxIDs.Control.csproj", "{4A4B168C-8850-4D9E-A749-3CE34179B986}"
EndProject
Project("{9A19103F-16F7-4668-BE54-9A1E7A4F7556}") = "FoxIDs.Shared", "src\FoxIDs.Shared\FoxIDs.Shared.csproj", "{4E5D61BC-6FCA-491E-867F-A803771F06B4}"
EndProject
Project("{9A19103F-16F7-4668-BE54-9A1E7A4F7556}") = "FoxIDs.UnitTests", "test\FoxIDs.UnitTests\FoxIDs.UnitTests.csproj", "{89976246-3E49-4492-A9EF-978BF8E0535C}"
EndProject
Project("{2150E333-8FDC-42A3-9474-1A3956D46DE8}") = "tools", "tools", "{66AA1AF7-CBCC-46AA-ACAB-9E1B7A8532EF}"
EndProject
Project("{9A19103F-16F7-4668-BE54-9A1E7A4F7556}") = "FoxIDs.SeedTool", "tools\FoxIDs.SeedTool\FoxIDs.SeedTool.csproj", "{E75B36E6-AD0E-42D7-A055-FE5816DF73B3}"
EndProject
Project("{9A19103F-16F7-4668-BE54-9A1E7A4F7556}") = "FoxIDs.ControlClient", "src\FoxIDs.ControlClient\FoxIDs.ControlClient.csproj", "{841451D6-66A5-4E7A-8952-BFF9A9375B6B}"
EndProject
Project("{9A19103F-16F7-4668-BE54-9A1E7A4F7556}") = "FoxIDs.ControlShared", "src\FoxIDs.ControlShared\FoxIDs.ControlShared.csproj", "{56C8921F-64BA-4AD0-A2EA-BAE0A183269F}"
EndProject
Project("{9A19103F-16F7-4668-BE54-9A1E7A4F7556}") = "FoxIDs.SharedBase", "src\FoxIDs.SharedBase\FoxIDs.SharedBase.csproj", "{11FB6E8F-F726-4AAA-95E1-82C360A9AF4E}"
EndProject
Project("{2150E333-8FDC-42A3-9474-1A3956D46DE8}") = "docs", "docs", "{CB5D86A0-DD55-49F6-B7AF-8162E9DA4CAF}"
	ProjectSection(SolutionItems) = preProject
		docs\certificates.md = docs\certificates.md
		docs\claim-transform-dk-privilege.md = docs\claim-transform-dk-privilege.md
		docs\claim-transform.md = docs\claim-transform.md
		docs\claim.md = docs\claim.md
		docs\control.md = docs\control.md
		docs\custom-domain.md = docs\custom-domain.md
		docs\customization.md = docs\customization.md
		docs\deployment.md = docs\deployment.md
		docs\development.md = docs\development.md
		docs\down-party-howto-saml-2.0-adfs.md = docs\down-party-howto-saml-2.0-adfs.md
		docs\down-party-oauth-2.0.md = docs\down-party-oauth-2.0.md
		docs\down-party-oidc.md = docs\down-party-oidc.md
		docs\down-party-saml-2.0.md = docs\down-party-saml-2.0.md
		docs\email.md = docs\email.md
		docs\faq.md = docs\faq.md
		docs\getting-started.md = docs\getting-started.md
		docs\howto-saml-2.0-context-handler.md = docs\howto-saml-2.0-context-handler.md
		docs\index.md = docs\index.md
		docs\language.md = docs\language.md
		docs\logging.md = docs\logging.md
		docs\login.md = docs\login.md
		docs\monitoring.md = docs\monitoring.md
		docs\name-title-icon-css.md = docs\name-title-icon-css.md
		docs\oauth-2.0.md = docs\oauth-2.0.md
		docs\oidc.md = docs\oidc.md
		docs\parties.md = docs\parties.md
		docs\plan.md = docs\plan.md
		docs\README.md = docs\README.md
		docs\reverse-proxy.md = docs\reverse-proxy.md
		docs\saml-2.0.md = docs\saml-2.0.md
		docs\samples.md = docs\samples.md
		docs\standard-support.md = docs\standard-support.md
		docs\up-party-howto-oidc-azure-ad-b2c.md = docs\up-party-howto-oidc-azure-ad-b2c.md
		docs\up-party-howto-oidc-azure-ad.md = docs\up-party-howto-oidc-azure-ad.md
		docs\up-party-howto-oidc-foxids.md = docs\up-party-howto-oidc-foxids.md
		docs\up-party-howto-oidc-identityserver.md = docs\up-party-howto-oidc-identityserver.md
		docs\up-party-howto-oidc-nets-eid-broker.md = docs\up-party-howto-oidc-nets-eid-broker.md
		docs\up-party-howto-oidc-signicat.md = docs\up-party-howto-oidc-signicat.md
		docs\up-party-howto-saml-2.0-adfs.md = docs\up-party-howto-saml-2.0-adfs.md
		docs\up-party-howto-saml-2.0-nemlogin.md = docs\up-party-howto-saml-2.0-nemlogin.md
		docs\up-party-howto-saml-2.0-pingone.md = docs\up-party-howto-saml-2.0-pingone.md
		docs\up-party-howto.md = docs\up-party-howto.md
		docs\up-party-oidc.md = docs\up-party-oidc.md
		docs\up-party-saml-2.0.md = docs\up-party-saml-2.0.md
		docs\update.md = docs\update.md
		docs\users.md = docs\users.md
		docs\_sidebar.md = docs\_sidebar.md
	EndProjectSection
EndProject
Project("{2150E333-8FDC-42A3-9474-1A3956D46DE8}") = "images", "images", "{CB88126F-3F28-4511-93E1-2454E239E9C7}"
	ProjectSection(SolutionItems) = preProject
		docs\images\configure-authorization-code-flow-pkce.png = docs\images\configure-authorization-code-flow-pkce.png
		docs\images\configure-authorization-code-flow.png = docs\images\configure-authorization-code-flow.png
		docs\images\configure-certificate.png = docs\images\configure-certificate.png
		docs\images\configure-claim-transform-down-party.png = docs\images\configure-claim-transform-down-party.png
		docs\images\configure-claim-transform-up-party.png = docs\images\configure-claim-transform-up-party.png
		docs\images\configure-client-api-client.png = docs\images\configure-client-api-client.png
		docs\images\configure-client-api-resource.png = docs\images\configure-client-api-resource.png
		docs\images\configure-client-credentials-grant.png = docs\images\configure-client-credentials-grant.png
		docs\images\configure-default-scope-claims.png = docs\images\configure-default-scope-claims.png
		docs\images\configure-email-provider-track-sendgrid.png = docs\images\configure-email-provider-track-sendgrid.png
		docs\images\configure-email-provider-track-smtp.png = docs\images\configure-email-provider-track-smtp.png
		docs\images\configure-foxids_control_api.png = docs\images\configure-foxids_control_api.png
		docs\images\configure-implicit-code-flow.png = docs\images\configure-implicit-code-flow.png
		docs\images\configure-jwt-saml-mappings.png = docs\images\configure-jwt-saml-mappings.png
		docs\images\configure-log-stream-appinsight.png = docs\images\configure-log-stream-appinsight.png
		docs\images\configure-log.png = docs\images\configure-log.png
		docs\images\configure-login-advanced.png = docs\images\configure-login-advanced.png
		docs\images\configure-login-css-backbround-image.png = docs\images\configure-login-css-backbround-image.png
		docs\images\configure-login-css-backbround-logo.png = docs\images\configure-login-css-backbround-logo.png
		docs\images\configure-login-css-sample-test.png = docs\images\configure-login-css-sample-test.png
		docs\images\configure-login-hrd-example.png = docs\images\configure-login-hrd-example.png
		docs\images\configure-login-hrd.png = docs\images\configure-login-hrd.png
		docs\images\configure-login-title-icon-css.png = docs\images\configure-login-title-icon-css.png
		docs\images\configure-login.png = docs\images\configure-login.png
		docs\images\configure-oauth-resource.png = docs\images\configure-oauth-resource.png
		docs\images\configure-oidc-up-party.png = docs\images\configure-oidc-up-party.png
		docs\images\configure-parties.png = docs\images\configure-parties.png
		docs\images\configure-plan-tenant.png = docs\images\configure-plan-tenant.png
		docs\images\configure-plan.png = docs\images\configure-plan.png
		docs\images\configure-resource-scopes-client.png = docs\images\configure-resource-scopes-client.png
		docs\images\configure-resource-scopes-resource.png = docs\images\configure-resource-scopes-resource.png
		docs\images\configure-reverse-proxy-secret-firewall.png = docs\images\configure-reverse-proxy-secret-firewall.png
		docs\images\configure-reverse-proxy-secret-permissions.png = docs\images\configure-reverse-proxy-secret-permissions.png
		docs\images\configure-reverse-proxy-secret.png = docs\images\configure-reverse-proxy-secret.png
		docs\images\configure-saml-adfs-up-party.png = docs\images\configure-saml-adfs-up-party.png
		docs\images\configure-saml-down-party.png = docs\images\configure-saml-down-party.png
		docs\images\configure-saml-manual-up-party.png = docs\images\configure-saml-manual-up-party.png
		docs\images\configure-saml-up-party.png = docs\images\configure-saml-up-party.png
		docs\images\configure-tenant-adminuser.png = docs\images\configure-tenant-adminuser.png
		docs\images\configure-tenant-custom-domain-my-track.png = docs\images\configure-tenant-custom-domain-my-track.png
		docs\images\configure-tenant-text.png = docs\images\configure-tenant-text.png
		docs\images\configure-tenant.png = docs\images\configure-tenant.png
		docs\images\configure-track-setting.png = docs\images\configure-track-setting.png
		docs\images\configure-track.png = docs\images\configure-track.png
		docs\images\example-claim-transform-name-to-given_name-family_name.png = docs\images\example-claim-transform-name-to-given_name-family_name.png
		docs\images\example-claim-transform-remove-post-up-party-name.png = docs\images\example-claim-transform-remove-post-up-party-name.png
		docs\images\faq-pass-through-all-claims-down-party.png = docs\images\faq-pass-through-all-claims-down-party.png
		docs\images\faq-pass-through-all-claims-up-party.png = docs\images\faq-pass-through-all-claims-up-party.png
		docs\images\getting-started-app.png = docs\images\getting-started-app.png
		docs\images\getting-started-first-access.png = docs\images\getting-started-first-access.png
		docs\images\getting-started-login.png = docs\images\getting-started-login.png
		docs\images\getting-started-test-user-new.png = docs\images\getting-started-test-user-new.png
		docs\images\getting-started-test-user.png = docs\images\getting-started-test-user.png
		docs\images\howto-oidc-azuread-readredirect.png = docs\images\howto-oidc-azuread-readredirect.png
		docs\images\howto-oidc-foxids-parallel-down-party.png = docs\images\howto-oidc-foxids-parallel-down-party.png
		docs\images\howto-oidc-foxids-up-party-readredirect.png = docs\images\howto-oidc-foxids-up-party-readredirect.png
		docs\images\howto-oidc-foxids-up-party.png = docs\images\howto-oidc-foxids-up-party.png
		docs\images\howto-oidc-identityserver-readredirect.png = docs\images\howto-oidc-identityserver-readredirect.png
		docs\images\howto-saml-context-handler-down-base-config.png = docs\images\howto-saml-context-handler-down-base-config.png
		docs\images\howto-saml-context-handler-down-ct1.png = docs\images\howto-saml-context-handler-down-ct1.png
		docs\images\howto-saml-context-handler-down-ct2.png = docs\images\howto-saml-context-handler-down-ct2.png
		docs\images\howto-saml-context-handler-up-attributes.png = docs\images\howto-saml-context-handler-up-attributes.png
		docs\images\howto-saml-context-handler-up-nameidformat.png = docs\images\howto-saml-context-handler-up-nameidformat.png
		docs\images\howto-saml-context-handler-up-privilege-claim-tf.png = docs\images\howto-saml-context-handler-up-privilege-claim-tf.png
		docs\images\howto-saml-context-handler-up-read-metadata.png = docs\images\howto-saml-context-handler-up-read-metadata.png
		docs\images\howto-saml-nemlogin3-certificate-container-type.png = docs\images\howto-saml-nemlogin3-certificate-container-type.png
		docs\images\howto-saml-nemlogin3-certificate.png = docs\images\howto-saml-nemlogin3-certificate.png
		docs\images\howto-saml-nemlogin3-claim-mappings.png = docs\images\howto-saml-nemlogin3-claim-mappings.png
		docs\images\howto-saml-nemlogin3-id-type.png = docs\images\howto-saml-nemlogin3-id-type.png
		docs\images\howto-saml-nemlogin3-log.png = docs\images\howto-saml-nemlogin3-log.png
		docs\images\howto-saml-nemlogin3-nsis-level.png = docs\images\howto-saml-nemlogin3-nsis-level.png
		docs\images\howto-saml-nemlogin3-up-attributes.png = docs\images\howto-saml-nemlogin3-up-attributes.png
		docs\images\howto-saml-nemlogin3-up-claims.png = docs\images\howto-saml-nemlogin3-up-claims.png
		docs\images\howto-saml-nemlogin3-up-contact.png = docs\images\howto-saml-nemlogin3-up-contact.png
		docs\images\howto-saml-nemlogin3-up-nameidformat.png = docs\images\howto-saml-nemlogin3-up-nameidformat.png
		docs\images\howto-saml-nemlogin3-up-privilege-claim-tf.png = docs\images\howto-saml-nemlogin3-up-privilege-claim-tf.png
		docs\images\howto-saml-nemlogin3-up-read-metadata.png = docs\images\howto-saml-nemlogin3-up-read-metadata.png
		docs\images\howto-saml-nemlogin3-up-top.png = docs\images\howto-saml-nemlogin3-up-top.png
		docs\images\master-tenant2.png = docs\images\master-tenant2.png
		docs\images\parties-down-party-oauth.svg = docs\images\parties-down-party-oauth.svg
		docs\images\parties-down-party-oidc.svg = docs\images\parties-down-party-oidc.svg
		docs\images\parties-down-party-saml.svg = docs\images\parties-down-party-saml.svg
		docs\images\parties-login.svg = docs\images\parties-login.svg
		docs\images\parties-oauth.svg = docs\images\parties-oauth.svg
		docs\images\parties-oidc.svg = docs\images\parties-oidc.svg
		docs\images\parties-saml.svg = docs\images\parties-saml.svg
		docs\images\parties-up-party-oidc.svg = docs\images\parties-up-party-oidc.svg
		docs\images\parties-up-party-saml.svg = docs\images\parties-up-party-saml.svg
		docs\images\parties.vsdx = docs\images\parties.vsdx
		docs\images\sample_seed-client.png = docs\images\sample_seed-client.png
		docs\images\search-logs.png = docs\images\search-logs.png
		docs\images\search-usage-logs.png = docs\images\search-usage-logs.png
		docs\images\structure.png = docs\images\structure.png
		docs\images\structure.svg = docs\images\structure.svg
		docs\images\structure.vsdx = docs\images\structure.vsdx
		docs\images\upload-risk-passwords-seed-client.png = docs\images\upload-risk-passwords-seed-client.png
	EndProjectSection
EndProject
Global
	GlobalSection(SolutionConfigurationPlatforms) = preSolution
		Debug|Any CPU = Debug|Any CPU
		Release|Any CPU = Release|Any CPU
	EndGlobalSection
	GlobalSection(ProjectConfigurationPlatforms) = postSolution
		{82C6C190-C560-4A25-94C4-BF8233D5043C}.Debug|Any CPU.ActiveCfg = Debug|Any CPU
		{82C6C190-C560-4A25-94C4-BF8233D5043C}.Debug|Any CPU.Build.0 = Debug|Any CPU
		{82C6C190-C560-4A25-94C4-BF8233D5043C}.Release|Any CPU.ActiveCfg = Release|Any CPU
		{82C6C190-C560-4A25-94C4-BF8233D5043C}.Release|Any CPU.Build.0 = Release|Any CPU
		{4A4B168C-8850-4D9E-A749-3CE34179B986}.Debug|Any CPU.ActiveCfg = Debug|Any CPU
		{4A4B168C-8850-4D9E-A749-3CE34179B986}.Debug|Any CPU.Build.0 = Debug|Any CPU
		{4A4B168C-8850-4D9E-A749-3CE34179B986}.Release|Any CPU.ActiveCfg = Release|Any CPU
		{4A4B168C-8850-4D9E-A749-3CE34179B986}.Release|Any CPU.Build.0 = Release|Any CPU
		{4E5D61BC-6FCA-491E-867F-A803771F06B4}.Debug|Any CPU.ActiveCfg = Debug|Any CPU
		{4E5D61BC-6FCA-491E-867F-A803771F06B4}.Debug|Any CPU.Build.0 = Debug|Any CPU
		{4E5D61BC-6FCA-491E-867F-A803771F06B4}.Release|Any CPU.ActiveCfg = Release|Any CPU
		{4E5D61BC-6FCA-491E-867F-A803771F06B4}.Release|Any CPU.Build.0 = Release|Any CPU
		{89976246-3E49-4492-A9EF-978BF8E0535C}.Debug|Any CPU.ActiveCfg = Debug|Any CPU
		{89976246-3E49-4492-A9EF-978BF8E0535C}.Debug|Any CPU.Build.0 = Debug|Any CPU
		{89976246-3E49-4492-A9EF-978BF8E0535C}.Release|Any CPU.ActiveCfg = Release|Any CPU
		{89976246-3E49-4492-A9EF-978BF8E0535C}.Release|Any CPU.Build.0 = Release|Any CPU
		{E75B36E6-AD0E-42D7-A055-FE5816DF73B3}.Debug|Any CPU.ActiveCfg = Debug|Any CPU
		{E75B36E6-AD0E-42D7-A055-FE5816DF73B3}.Debug|Any CPU.Build.0 = Debug|Any CPU
		{E75B36E6-AD0E-42D7-A055-FE5816DF73B3}.Release|Any CPU.ActiveCfg = Release|Any CPU
		{E75B36E6-AD0E-42D7-A055-FE5816DF73B3}.Release|Any CPU.Build.0 = Release|Any CPU
		{841451D6-66A5-4E7A-8952-BFF9A9375B6B}.Debug|Any CPU.ActiveCfg = Debug|Any CPU
		{841451D6-66A5-4E7A-8952-BFF9A9375B6B}.Debug|Any CPU.Build.0 = Debug|Any CPU
		{841451D6-66A5-4E7A-8952-BFF9A9375B6B}.Release|Any CPU.ActiveCfg = Release|Any CPU
		{841451D6-66A5-4E7A-8952-BFF9A9375B6B}.Release|Any CPU.Build.0 = Release|Any CPU
		{56C8921F-64BA-4AD0-A2EA-BAE0A183269F}.Debug|Any CPU.ActiveCfg = Debug|Any CPU
		{56C8921F-64BA-4AD0-A2EA-BAE0A183269F}.Debug|Any CPU.Build.0 = Debug|Any CPU
		{56C8921F-64BA-4AD0-A2EA-BAE0A183269F}.Release|Any CPU.ActiveCfg = Release|Any CPU
		{56C8921F-64BA-4AD0-A2EA-BAE0A183269F}.Release|Any CPU.Build.0 = Release|Any CPU
		{11FB6E8F-F726-4AAA-95E1-82C360A9AF4E}.Debug|Any CPU.ActiveCfg = Debug|Any CPU
		{11FB6E8F-F726-4AAA-95E1-82C360A9AF4E}.Debug|Any CPU.Build.0 = Debug|Any CPU
		{11FB6E8F-F726-4AAA-95E1-82C360A9AF4E}.Release|Any CPU.ActiveCfg = Release|Any CPU
		{11FB6E8F-F726-4AAA-95E1-82C360A9AF4E}.Release|Any CPU.Build.0 = Release|Any CPU
	EndGlobalSection
	GlobalSection(SolutionProperties) = preSolution
		HideSolutionNode = FALSE
	EndGlobalSection
	GlobalSection(NestedProjects) = preSolution
		{82C6C190-C560-4A25-94C4-BF8233D5043C} = {48D65B3F-F81D-4A30-AD0E-855D0ADC29E1}
		{4A4B168C-8850-4D9E-A749-3CE34179B986} = {48D65B3F-F81D-4A30-AD0E-855D0ADC29E1}
		{4E5D61BC-6FCA-491E-867F-A803771F06B4} = {48D65B3F-F81D-4A30-AD0E-855D0ADC29E1}
		{89976246-3E49-4492-A9EF-978BF8E0535C} = {ADF3A7A1-55CD-466B-9CE2-76B159582B17}
		{E75B36E6-AD0E-42D7-A055-FE5816DF73B3} = {66AA1AF7-CBCC-46AA-ACAB-9E1B7A8532EF}
		{841451D6-66A5-4E7A-8952-BFF9A9375B6B} = {48D65B3F-F81D-4A30-AD0E-855D0ADC29E1}
		{56C8921F-64BA-4AD0-A2EA-BAE0A183269F} = {48D65B3F-F81D-4A30-AD0E-855D0ADC29E1}
		{11FB6E8F-F726-4AAA-95E1-82C360A9AF4E} = {48D65B3F-F81D-4A30-AD0E-855D0ADC29E1}
		{CB88126F-3F28-4511-93E1-2454E239E9C7} = {CB5D86A0-DD55-49F6-B7AF-8162E9DA4CAF}
	EndGlobalSection
	GlobalSection(ExtensibilityGlobals) = postSolution
		SolutionGuid = {AD8F0D8F-FD1F-4DE2-AC92-4948FC1EDE56}
	EndGlobalSection
EndGlobal
